
Microsoft Visual Studio Solution File, Format Version 12.00
# Visual Studio Version 16
VisualStudioVersion = 16.0.31410.357
MinimumVisualStudioVersion = 10.0.40219.1
Project("{FAE04EC0-301F-11D3-BF4B-00C04F79EFBC}") = "ExcelMerger", "ExcelMerger\ExcelMerger.csproj", "{EA58A233-591B-43C2-B0E5-7A7CE93D3C9F}"
EndProject
Global
	GlobalSection(SolutionConfigurationPlatforms) = preSolution
		Debug|Any CPU = Debug|Any CPU
		Release|Any CPU = Release|Any CPU
	EndGlobalSection
	GlobalSection(ProjectConfigurationPlatforms) = postSolution
		{EA58A233-591B-43C2-B0E5-7A7CE93D3C9F}.Debug|Any CPU.ActiveCfg = Debug|Any CPU
		{EA58A233-591B-43C2-B0E5-7A7CE93D3C9F}.Debug|Any CPU.Build.0 = Debug|Any CPU
		{EA58A233-591B-43C2-B0E5-7A7CE93D3C9F}.Release|Any CPU.ActiveCfg = Release|Any CPU
		{EA58A233-591B-43C2-B0E5-7A7CE93D3C9F}.Release|Any CPU.Build.0 = Release|Any CPU
	EndGlobalSection
	GlobalSection(SolutionProperties) = preSolution
		HideSolutionNode = FALSE
	EndGlobalSection
	GlobalSection(ExtensibilityGlobals) = postSolution
		SolutionGuid = {4A4D8F37-C99C-41AC-98C1-8D3BC20DD20F}
	EndGlobalSection
EndGlobal
